PODS:
  - Flutter (1.0.0)
  - flutter_freshchat (0.0.4):
    - Flutter
  - path_provider (0.0.1):
    - Flutter

DEPENDENCIES:
  - Flutter (from `Flutter`)
  - flutter_freshchat (from `.symlinks/plugins/flutter_freshchat/ios`)
  - path_provider (from `.symlinks/plugins/path_provider/ios`)

EXTERNAL SOURCES:
  Flutter:
    :path: Flutter
  flutter_freshchat:
    :path: ".symlinks/plugins/flutter_freshchat/ios"
  path_provider:
    :path: ".symlinks/plugins/path_provider/ios"

SPEC CHECKSUMS:
  Flutter: 0e3d915762c693b495b44d77113d4970485de6ec
  flutter_freshchat: 6f240d9002415a2d0e67620a24f05dcacffd3262
  path_provider: f96fff6166a8867510d2c25fdcc346327cc4b259

PODFILE CHECKSUM: ef2b5f6484b4849f5a3f6f2514d0736bc987f98f

COCOAPODS: 1.8.4
